
Microsoft Visual Studio Solution File, Format Version 12.00
# Visual Studio Version 16
VisualStudioVersion = 16.0.31005.135
MinimumVisualStudioVersion = 10.0.40219.1
Project("{FAE04EC0-301F-11D3-BF4B-00C04F79EFBC}") = "WebSurvey", "WebSurvey\WebSurvey.csproj", "{B5DCBD0E-BF72-4D2A-93AC-8838D9B58F6C}"
EndProject
Global
	GlobalSection(SolutionConfigurationPlatforms) = preSolution
		Debug|Any CPU = Debug|Any CPU
		Release|Any CPU = Release|Any CPU
	EndGlobalSection
	GlobalSection(ProjectConfigurationPlatforms) = postSolution
		{B5DCBD0E-BF72-4D2A-93AC-8838D9B58F6C}.Debug|Any CPU.ActiveCfg = Debug|Any CPU
		{B5DCBD0E-BF72-4D2A-93AC-8838D9B58F6C}.Debug|Any CPU.Build.0 = Debug|Any CPU
		{B5DCBD0E-BF72-4D2A-93AC-8838D9B58F6C}.Release|Any CPU.ActiveCfg = Release|Any CPU
		{B5DCBD0E-BF72-4D2A-93AC-8838D9B58F6C}.Release|Any CPU.Build.0 = Release|Any CPU
	EndGlobalSection
	GlobalSection(SolutionProperties) = preSolution
		HideSolutionNode = FALSE
	EndGlobalSection
	GlobalSection(ExtensibilityGlobals) = postSolution
		SolutionGuid = {4312611B-1874-4F59-93AB-02D32F8C2BE1}
	EndGlobalSection
EndGlobal
